<?xml version="1.0" encoding="utf-8"?>
<Project ToolsVersion="4.0" xmlns="http://schemas.microsoft.com/developer/msbuild/2003">
  <ItemGroup>
    <Filter Include="소스 파일">
      <UniqueIdentifier>{4FC737F1-C7A5-4376-A066-2A32D752A2FF}</UniqueIdentifier>
      <Extensions>cpp;c;cc;cxx;def;odl;idl;hpj;bat;asm;asmx</Extensions>
    </Filter>
    <Filter Include="헤더 파일">
      <UniqueIdentifier>{93995380-89BD-4b04-88EB-625FBE52EBFB}</UniqueIdentifier>
      <Extensions>h;hh;hpp;hxx;hm;inl;inc;xsd</Extensions>
    </Filter>
    <Filter Include="리소스 파일">
      <UniqueIdentifier>{67DA6AB6-F800-4c08-8B7A-83BB121AAD01}</UniqueIdentifier>
      <Extensions>rc;ico;cur;bmp;dlg;rc2;rct;bin;rgs;gif;jpg;jpeg;jpe;resx;tiff;tif;png;wav;mfcribbon-ms</Extensions>
    </Filter>
  </ItemGroup>
  <ItemGroup>
    <ClInclude Include="..\PhysicsLibrary\LinearMath\btAabbUtil2.h">
      <Filter>헤더 파일</Filter>
    </ClInclude>
    <ClInclude Include="..\PhysicsLibrary\LinearMath\btAlignedAllocator.h">
      <Filter>헤더 파일</Filter>
    </ClInclude>
    <ClInclude Include="..\PhysicsLibrary\LinearMath\btAlignedObjectArray.h">
      <Filter>헤더 파일</Filter>
    </ClInclude>
    <ClInclude Include="..\PhysicsLibrary\LinearMath\btConvexHull.h">
      <Filter>헤더 파일</Filter>
    </ClInclude>
    <ClInclude Include="..\PhysicsLibrary\LinearMath\btConvexHullComputer.h">
      <Filter>헤더 파일</Filter>
    </ClInclude>
    <ClInclude Include="..\PhysicsLibrary\LinearMath\btCpuFeatureUtility.h">
      <Filter>헤더 파일</Filter>
    </ClInclude>
    <ClInclude Include="..\PhysicsLibrary\LinearMath\btDefaultMotionState.h">
      <Filter>헤더 파일</Filter>
    </ClInclude>
    <ClInclude Include="..\PhysicsLibrary\LinearMath\btGeometryUtil.h">
      <Filter>헤더 파일</Filter>
    </ClInclude>
    <ClInclude Include="..\PhysicsLibrary\LinearMath\btGrahamScan2dConvexHull.h">
      <Filter>헤더 파일</Filter>
    </ClInclude>
    <ClInclude Include="..\PhysicsLibrary\LinearMath\btHashMap.h">
      <Filter>헤더 파일</Filter>
    </ClInclude>
    <ClInclude Include="..\PhysicsLibrary\LinearMath\btIDebugDraw.h">
      <Filter>헤더 파일</Filter>
    </ClInclude>
    <ClInclude Include="..\PhysicsLibrary\LinearMath\btList.h">
      <Filter>헤더 파일</Filter>
    </ClInclude>
    <ClInclude Include="..\PhysicsLibrary\LinearMath\btMatrix3x3.h">
      <Filter>헤더 파일</Filter>
    </ClInclude>
    <ClInclude Include="..\PhysicsLibrary\LinearMath\btMatrixX.h">
      <Filter>헤더 파일</Filter>
    </ClInclude>
    <ClInclude Include="..\PhysicsLibrary\LinearMath\btMinMax.h">
      <Filter>헤더 파일</Filter>
    </ClInclude>
    <ClInclude Include="..\PhysicsLibrary\LinearMath\btMotionState.h">
      <Filter>헤더 파일</Filter>
    </ClInclude>
    <ClInclude Include="..\PhysicsLibrary\LinearMath\btPolarDecomposition.h">
      <Filter>헤더 파일</Filter>
    </ClInclude>
    <ClInclude Include="..\PhysicsLibrary\LinearMath\btPoolAllocator.h">
      <Filter>헤더 파일</Filter>
    </ClInclude>
    <ClInclude Include="..\PhysicsLibrary\LinearMath\btQuadWord.h">
      <Filter>헤더 파일</Filter>
    </ClInclude>
    <ClInclude Include="..\PhysicsLibrary\LinearMath\btQuaternion.h">
      <Filter>헤더 파일</Filter>
    </ClInclude>
    <ClInclude Include="..\PhysicsLibrary\LinearMath\btQuickprof.h">
      <Filter>헤더 파일</Filter>
    </ClInclude>
    <ClInclude Include="..\PhysicsLibrary\LinearMath\btRandom.h">
      <Filter>헤더 파일</Filter>
    </ClInclude>
    <ClInclude Include="..\PhysicsLibrary\LinearMath\btScalar.h">
      <Filter>헤더 파일</Filter>
    </ClInclude>
    <ClInclude Include="..\PhysicsLibrary\LinearMath\btSerializer.h">
      <Filter>헤더 파일</Filter>
    </ClInclude>
    <ClInclude Include="..\PhysicsLibrary\LinearMath\btSpatialAlgebra.h">
      <Filter>헤더 파일</Filter>
    </ClInclude>
    <ClInclude Include="..\PhysicsLibrary\LinearMath\btStackAlloc.h">
      <Filter>헤더 파일</Filter>
    </ClInclude>
    <ClInclude Include="..\PhysicsLibrary\LinearMath\btTransform.h">
      <Filter>헤더 파일</Filter>
    </ClInclude>
    <ClInclude Include="..\PhysicsLibrary\LinearMath\btTransformUtil.h">
      <Filter>헤더 파일</Filter>
    </ClInclude>
    <ClInclude Include="..\PhysicsLibrary\LinearMath\btVector3.h">
      <Filter>헤더 파일</Filter>
    </ClInclude>
  </ItemGroup>
  <ItemGroup>
    <ClCompile Include="..\PhysicsLibrary\LinearMath\btAlignedAllocator.cpp">
      <Filter>소스 파일</Filter>
    </ClCompile>
    <ClCompile Include="..\PhysicsLibrary\LinearMath\btConvexHull.cpp">
      <Filter>소스 파일</Filter>
    </ClCompile>
    <ClCompile Include="..\PhysicsLibrary\LinearMath\btConvexHullComputer.cpp">
      <Filter>소스 파일</Filter>
    </ClCompile>
    <ClCompile Include="..\PhysicsLibrary\LinearMath\btGeometryUtil.cpp">
      <Filter>소스 파일</Filter>
    </ClCompile>
    <ClCompile Include="..\PhysicsLibrary\LinearMath\btPolarDecomposition.cpp">
      <Filter>소스 파일</Filter>
    </ClCompile>
    <ClCompile Include="..\PhysicsLibrary\LinearMath\btQuickprof.cpp">
      <Filter>소스 파일</Filter>
    </ClCompile>
    <ClCompile Include="..\PhysicsLibrary\LinearMath\btSerializer.cpp">
      <Filter>소스 파일</Filter>
    </ClCompile>
    <ClCompile Include="..\PhysicsLibrary\LinearMath\btVector3.cpp">
      <Filter>소스 파일</Filter>
    </ClCompile>
  </ItemGroup>
  <ItemGroup>
    <Text Include="..\PhysicsLibrary\LinearMath\CMakeLists.txt">
      <Filter>소스 파일</Filter>
    </Text>
  </ItemGroup>
  <ItemGroup>
    <None Include="..\PhysicsLibrary\LinearMath\premake4.lua">
      <Filter>소스 파일</Filter>
    </None>
  </ItemGroup>
</Project>